
Microsoft Visual Studio Solution File, Format Version 12.00
# Visual Studio Version 17
VisualStudioVersion = 17.0.31903.59
MinimumVisualStudioVersion = 10.0.40219.1
Project("{2150E333-8FDC-42A3-9474-1A3956D46DE8}") = "src", "src", "{11951F66-270D-4DE6-BA38-EA996EB99804}"
EndProject
Project("{FAE04EC0-301F-11D3-BF4B-00C04F79EFBC}") = "Scheduler.Domain", "src\Scheduler.Domain\Scheduler.Domain.csproj", "{77FACCCF-5606-4555-A526-476CFCD413F4}"
EndProject
Project("{FAE04EC0-301F-11D3-BF4B-00C04F79EFBC}") = "Scheduler.Application", "src\Scheduler.Application\Scheduler.Application.csproj", "{FE7C527D-028E-475C-A3B4-AA66CEFAF47B}"
EndProject
Project("{FAE04EC0-301F-11D3-BF4B-00C04F79EFBC}") = "Scheduler.Solver", "src\Scheduler.Solver\Scheduler.Solver.csproj", "{FAF3857A-2929-404C-8EBE-ECC753B748F0}"
EndProject
Project("{FAE04EC0-301F-11D3-BF4B-00C04F79EFBC}") = "Scheduler.Api", "src\Scheduler.Api\Scheduler.Api.csproj", "{18E7E27E-1BA7-4245-B9A6-30CE09AE471C}"
EndProject
Project("{FAE04EC0-301F-11D3-BF4B-00C04F79EFBC}") = "Scheduler.Shell", "src\Scheduler.Shell\Scheduler.Shell.csproj", "{E5790676-1C67-42DD-8396-CA7188D43218}"
EndProject
Project("{2150E333-8FDC-42A3-9474-1A3956D46DE8}") = "tests", "tests", "{1DB0EBB5-F4EF-4DBA-BA0C-58138564A228}"
EndProject
Project("{FAE04EC0-301F-11D3-BF4B-00C04F79EFBC}") = "Scheduler.ArchitectureTests", "tests\Scheduler.ArchitectureTests\Scheduler.ArchitectureTests.csproj", "{124A52AA-9E6C-48AB-BA1F-FDBFE2767C76}"
EndProject
Project("{FAE04EC0-301F-11D3-BF4B-00C04F79EFBC}") = "Scheduler.Domain.Tests", "tests\Scheduler.Domain.Tests\Scheduler.Domain.Tests.csproj", "{5129D30E-4C00-4D5E-919D-8DE897E1DC0E}"
EndProject
Project("{FAE04EC0-301F-11D3-BF4B-00C04F79EFBC}") = "Scheduler.Persistence", "src\Scheduler.Persistence\Scheduler.Persistence.csproj", "{A20A25D3-6823-4E96-B58B-7CC6E1B4F9AD}"
EndProject
Project("{FAE04EC0-301F-11D3-BF4B-00C04F79EFBC}") = "Scheduler.Persistence.Tests", "tests\Scheduler.Persistence.Tests\Scheduler.Persistence.Tests.csproj", "{B1F79C47-1739-47AE-8B2B-EAFD19C01860}"
EndProject
Global
	GlobalSection(SolutionConfigurationPlatforms) = preSolution
		Debug|Any CPU = Debug|Any CPU
		Release|Any CPU = Release|Any CPU
	EndGlobalSection
	GlobalSection(SolutionProperties) = preSolution
		HideSolutionNode = FALSE
	EndGlobalSection
	GlobalSection(ProjectConfigurationPlatforms) = postSolution
		{77FACCCF-5606-4555-A526-476CFCD413F4}.Debug|Any CPU.ActiveCfg = Debug|Any CPU
		{77FACCCF-5606-4555-A526-476CFCD413F4}.Debug|Any CPU.Build.0 = Debug|Any CPU
		{77FACCCF-5606-4555-A526-476CFCD413F4}.Release|Any CPU.ActiveCfg = Release|Any CPU
		{77FACCCF-5606-4555-A526-476CFCD413F4}.Release|Any CPU.Build.0 = Release|Any CPU
		{FE7C527D-028E-475C-A3B4-AA66CEFAF47B}.Debug|Any CPU.ActiveCfg = Debug|Any CPU
		{FE7C527D-028E-475C-A3B4-AA66CEFAF47B}.Debug|Any CPU.Build.0 = Debug|Any CPU
		{FE7C527D-028E-475C-A3B4-AA66CEFAF47B}.Release|Any CPU.ActiveCfg = Release|Any CPU
		{FE7C527D-028E-475C-A3B4-AA66CEFAF47B}.Release|Any CPU.Build.0 = Release|Any CPU
		{FAF3857A-2929-404C-8EBE-ECC753B748F0}.Debug|Any CPU.ActiveCfg = Debug|Any CPU
		{FAF3857A-2929-404C-8EBE-ECC753B748F0}.Debug|Any CPU.Build.0 = Debug|Any CPU
		{FAF3857A-2929-404C-8EBE-ECC753B748F0}.Release|Any CPU.ActiveCfg = Release|Any CPU
		{FAF3857A-2929-404C-8EBE-ECC753B748F0}.Release|Any CPU.Build.0 = Release|Any CPU
		{18E7E27E-1BA7-4245-B9A6-30CE09AE471C}.Debug|Any CPU.ActiveCfg = Debug|Any CPU
		{18E7E27E-1BA7-4245-B9A6-30CE09AE471C}.Debug|Any CPU.Build.0 = Debug|Any CPU
		{18E7E27E-1BA7-4245-B9A6-30CE09AE471C}.Release|Any CPU.ActiveCfg = Release|Any CPU
		{18E7E27E-1BA7-4245-B9A6-30CE09AE471C}.Release|Any CPU.Build.0 = Release|Any CPU
		{E5790676-1C67-42DD-8396-CA7188D43218}.Debug|Any CPU.ActiveCfg = Debug|Any CPU
		{E5790676-1C67-42DD-8396-CA7188D43218}.Debug|Any CPU.Build.0 = Debug|Any CPU
		{E5790676-1C67-42DD-8396-CA7188D43218}.Release|Any CPU.ActiveCfg = Release|Any CPU
		{E5790676-1C67-42DD-8396-CA7188D43218}.Release|Any CPU.Build.0 = Release|Any CPU
		{124A52AA-9E6C-48AB-BA1F-FDBFE2767C76}.Debug|Any CPU.ActiveCfg = Debug|Any CPU
		{124A52AA-9E6C-48AB-BA1F-FDBFE2767C76}.Debug|Any CPU.Build.0 = Debug|Any CPU
		{124A52AA-9E6C-48AB-BA1F-FDBFE2767C76}.Release|Any CPU.ActiveCfg = Release|Any CPU
		{124A52AA-9E6C-48AB-BA1F-FDBFE2767C76}.Release|Any CPU.Build.0 = Release|Any CPU
		{5129D30E-4C00-4D5E-919D-8DE897E1DC0E}.Debug|Any CPU.ActiveCfg = Debug|Any CPU
		{5129D30E-4C00-4D5E-919D-8DE897E1DC0E}.Debug|Any CPU.Build.0 = Debug|Any CPU
		{5129D30E-4C00-4D5E-919D-8DE897E1DC0E}.Release|Any CPU.ActiveCfg = Release|Any CPU
		{5129D30E-4C00-4D5E-919D-8DE897E1DC0E}.Release|Any CPU.Build.0 = Release|Any CPU
		{A20A25D3-6823-4E96-B58B-7CC6E1B4F9AD}.Debug|Any CPU.ActiveCfg = Debug|Any CPU
		{A20A25D3-6823-4E96-B58B-7CC6E1B4F9AD}.Debug|Any CPU.Build.0 = Debug|Any CPU
		{A20A25D3-6823-4E96-B58B-7CC6E1B4F9AD}.Release|Any CPU.ActiveCfg = Release|Any CPU
		{A20A25D3-6823-4E96-B58B-7CC6E1B4F9AD}.Release|Any CPU.Build.0 = Release|Any CPU
		{B1F79C47-1739-47AE-8B2B-EAFD19C01860}.Debug|Any CPU.ActiveCfg = Debug|Any CPU
		{B1F79C47-1739-47AE-8B2B-EAFD19C01860}.Debug|Any CPU.Build.0 = Debug|Any CPU
		{B1F79C47-1739-47AE-8B2B-EAFD19C01860}.Release|Any CPU.ActiveCfg = Release|Any CPU
		{B1F79C47-1739-47AE-8B2B-EAFD19C01860}.Release|Any CPU.Build.0 = Release|Any CPU
	EndGlobalSection
	GlobalSection(NestedProjects) = preSolution
		{77FACCCF-5606-4555-A526-476CFCD413F4} = {11951F66-270D-4DE6-BA38-EA996EB99804}
		{FE7C527D-028E-475C-A3B4-AA66CEFAF47B} = {11951F66-270D-4DE6-BA38-EA996EB99804}
		{FAF3857A-2929-404C-8EBE-ECC753B748F0} = {11951F66-270D-4DE6-BA38-EA996EB99804}
		{18E7E27E-1BA7-4245-B9A6-30CE09AE471C} = {11951F66-270D-4DE6-BA38-EA996EB99804}
		{E5790676-1C67-42DD-8396-CA7188D43218} = {11951F66-270D-4DE6-BA38-EA996EB99804}
		{124A52AA-9E6C-48AB-BA1F-FDBFE2767C76} = {1DB0EBB5-F4EF-4DBA-BA0C-58138564A228}
		{5129D30E-4C00-4D5E-919D-8DE897E1DC0E} = {1DB0EBB5-F4EF-4DBA-BA0C-58138564A228}
		{A20A25D3-6823-4E96-B58B-7CC6E1B4F9AD} = {11951F66-270D-4DE6-BA38-EA996EB99804}
		{B1F79C47-1739-47AE-8B2B-EAFD19C01860} = {1DB0EBB5-F4EF-4DBA-BA0C-58138564A228}
	EndGlobalSection
EndGlobal
